// !$*UTF8*$!
{
	archiveVersion = 1;
	classes = {
	};
	objectVersion = 46;
	objects = {

/* Begin PBXBuildFile section */
		D055D90A1E88A63300F541B2 /* SearchResultCell.xib in Resources */ = {isa = PBXBuildFile; fileRef = D055D9091E88A63300F541B2 /* SearchResultCell.xib */; };
		D055D90C1E88A94400F541B2 /* SearchResultCell.swift in Sources */ = {isa = PBXBuildFile; fileRef = D055D90B1E88A94400F541B2 /* SearchResultCell.swift */; };
		D055D90E1E88AAF100F541B2 /* NothingFoundCell.xib in Resources */ = {isa = PBXBuildFile; fileRef = D055D90D1E88AAF100F541B2 /* NothingFoundCell.xib */; };
		D07381F61E87875A00F3B7EA /* SearchResult.swift in Sources */ = {isa = PBXBuildFile; fileRef = D07381F51E87875A00F3B7EA /* SearchResult.swift */; };
		D07FBC3B1E877F6A00F0DED2 /* AppDelegate.swift in Sources */ = {isa = PBXBuildFile; fileRef = D07FBC3A1E877F6A00F0DED2 /* AppDelegate.swift */; };
		D07FBC3D1E877F6A00F0DED2 /* SearchViewController.swift in Sources */ = {isa = PBXBuildFile; fileRef = D07FBC3C1E877F6A00F0DED2 /* SearchViewController.swift */; };
		D07FBC401E877F6A00F0DED2 /* Main.storyboard in Resources */ = {isa = PBXBuildFile; fileRef = D07FBC3E1E877F6A00F0DED2 /* Main.storyboard */; };
		D07FBC421E877F6A00F0DED2 /* Assets.xcassets in Resources */ = {isa = PBXBuildFile; fileRef = D07FBC411E877F6A00F0DED2 /* Assets.xcassets */; };
		D07FBC451E877F6A00F0DED2 /* LaunchScreen.storyboard in Resources */ = {isa = PBXBuildFile; fileRef = D07FBC431E877F6A00F0DED2 /* LaunchScreen.storyboard */; };
		D080C82F1E8B3C390039B557 /* ViewController.swift in Sources */ = {isa = PBXBuildFile; fileRef = D080C82E1E8B3C390039B557 /* ViewController.swift */; };
		D0909B8B1E89701600386568 /* LoadingCell.xib in Resources */ = {isa = PBXBuildFile; fileRef = D0909B8A1E89701500386568 /* LoadingCell.xib */; };
		D0909B8D1E89789E00386568 /* UIImageView+DownloadImage.swift in Sources */ = {isa = PBXBuildFile; fileRef = D0909B8C1E89789E00386568 /* UIImageView+DownloadImage.swift */; };
		D094F3E21E8A174A00616038 /* DetailViewController.swift in Sources */ = {isa = PBXBuildFile; fileRef = D094F3E11E8A174A00616038 /* DetailViewController.swift */; };
		D094F3E41E8A19FA00616038 /* DimmingPresentationController.swift in Sources */ = {isa = PBXBuildFile; fileRef = D094F3E31E8A19FA00616038 /* DimmingPresentationController.swift */; };
		D094F3E61E8A236F00616038 /* GradientView.swift in Sources */ = {isa = PBXBuildFile; fileRef = D094F3E51E8A236F00616038 /* GradientView.swift */; };
		D094F3E81E8A241800616038 /* BounceAnimationController.swift in Sources */ = {isa = PBXBuildFile; fileRef = D094F3E71E8A241800616038 /* BounceAnimationController.swift */; };
		D094F3EA1E8A254D00616038 /* SlideOutAnimationController.swift in Sources */ = {isa = PBXBuildFile; fileRef = D094F3E91E8A254D00616038 /* SlideOutAnimationController.swift */; };
		D0B90AE31E8B274100A8986D /* UIColor+MainColor.swift in Sources */ = {isa = PBXBuildFile; fileRef = D0B90AE21E8B274100A8986D /* UIColor+MainColor.swift */; };
/* End PBXBuildFile section */

/* Begin PBXFileReference section */
		D055D9091E88A63300F541B2 /* SearchResultCell.xib */ = {isa = PBXFileReference; fileEncoding = 4; lastKnownFileType = file.xib; path = SearchResultCell.xib; sourceTree = "<group>"; };
		D055D90B1E88A94400F541B2 /* SearchResultCell.swift */ = {isa = PBXFileReference; fileEncoding = 4; lastKnownFileType = sourcecode.swift; path = SearchResultCell.swift; sourceTree = "<group>"; };
		D055D90D1E88AAF100F541B2 /* NothingFoundCell.xib */ = {isa = PBXFileReference; fileEncoding = 4; lastKnownFileType = file.xib; path = NothingFoundCell.xib; sourceTree = "<group>"; };
		D07381F51E87875A00F3B7EA /* SearchResult.swift */ = {isa = PBXFileReference; fileEncoding = 4; lastKnownFileType = sourcecode.swift; path = SearchResult.swift; sourceTree = "<group>"; };
		D07FBC371E877F6A00F0DED2 /* Media Search.app */ = {isa = PBXFileReference; explicitFileType = wrapper.application; includeInIndex = 0; path = "Media Search.app"; sourceTree = BUILT_PRODUCTS_DIR; };
		D07FBC3A1E877F6A00F0DED2 /* AppDelegate.swift */ = {isa = PBXFileReference; lastKnownFileType = sourcecode.swift; path = AppDelegate.swift; sourceTree = "<group>"; };
		D07FBC3C1E877F6A00F0DED2 /* SearchViewController.swift */ = {isa = PBXFileReference; lastKnownFileType = sourcecode.swift; path = SearchViewController.swift; sourceTree = "<group>"; };
		D07FBC3F1E877F6A00F0DED2 /* Base */ = {isa = PBXFileReference; lastKnownFileType = file.storyboard; name = Base; path = Base.lproj/Main.storyboard; sourceTree = "<group>"; };
		D07FBC411E877F6A00F0DED2 /* Assets.xcassets */ = {isa = PBXFileReference; lastKnownFileType = folder.assetcatalog; path = Assets.xcassets; sourceTree = "<group>"; };
		D07FBC441E877F6A00F0DED2 /* Base */ = {isa = PBXFileReference; lastKnownFileType = file.storyboard; name = Base; path = Base.lproj/LaunchScreen.storyboard; sourceTree = "<group>"; };
		D07FBC461E877F6A00F0DED2 /* Info.plist */ = {isa = PBXFileReference; lastKnownFileType = text.plist.xml; path = Info.plist; sourceTree = "<group>"; };
		D080C82E1E8B3C390039B557 /* ViewController.swift */ = {isa = PBXFileReference; fileEncoding = 4; lastKnownFileType = sourcecode.swift; path = ViewController.swift; sourceTree = "<group>"; };
		D0909B8A1E89701500386568 /* LoadingCell.xib */ = {isa = PBXFileReference; fileEncoding = 4; lastKnownFileType = file.xib; path = LoadingCell.xib; sourceTree = "<group>"; };
		D0909B8C1E89789E00386568 /* UIImageView+DownloadImage.swift */ = {isa = PBXFileReference; fileEncoding = 4; lastKnownFileType = sourcecode.swift; path = "UIImageView+DownloadImage.swift"; sourceTree = "<group>"; };
		D094F3E11E8A174A00616038 /* DetailViewController.swift */ = {isa = PBXFileReference; fileEncoding = 4; lastKnownFileType = sourcecode.swift; path = DetailViewController.swift; sourceTree = "<group>"; };
		D094F3E31E8A19FA00616038 /* DimmingPresentationController.swift */ = {isa = PBXFileReference; fileEncoding = 4; lastKnownFileType = sourcecode.swift; path = DimmingPresentationController.swift; sourceTree = "<group>"; };
		D094F3E51E8A236F00616038 /* GradientView.swift */ = {isa = PBXFileReference; fileEncoding = 4; lastKnownFileType = sourcecode.swift; path = GradientView.swift; sourceTree = "<group>"; };
		D094F3E71E8A241800616038 /* BounceAnimationController.swift */ = {isa = PBXFileReference; fileEncoding = 4; lastKnownFileType = sourcecode.swift; path = BounceAnimationController.swift; sourceTree = "<group>"; };
		D094F3E91E8A254D00616038 /* SlideOutAnimationController.swift */ = {isa = PBXFileReference; fileEncoding = 4; lastKnownFileType = sourcecode.swift; path = SlideOutAnimationController.swift; sourceTree = "<group>"; };
		D0B90AE21E8B274100A8986D /* UIColor+MainColor.swift */ = {isa = PBXFileReference; fileEncoding = 4; lastKnownFileType = sourcecode.swift; path = "UIColor+MainColor.swift"; sourceTree = "<group>"; };
/* End PBXFileReference section */

/* Begin PBXFrameworksBuildPhase section */
		D07FBC341E877F6A00F0DED2 /* Frameworks */ = {
			isa = PBXFrameworksBuildPhase;
			buildActionMask = 2147483647;
			files = (
			);
			runOnlyForDeploymentPostprocessing = 0;
		};
/* End PBXFrameworksBuildPhase section */

/* Begin PBXGroup section */
		D07FBC2E1E877F6A00F0DED2 = {
			isa = PBXGroup;
			children = (
				D07FBC391E877F6A00F0DED2 /* Media Search */,
				D07FBC381E877F6A00F0DED2 /* Products */,
			);
			sourceTree = "<group>";
		};
		D07FBC381E877F6A00F0DED2 /* Products */ = {
			isa = PBXGroup;
			children = (
				D07FBC371E877F6A00F0DED2 /* Media Search.app */,
			);
			name = Products;
			sourceTree = "<group>";
		};
		D07FBC391E877F6A00F0DED2 /* Media Search */ = {
			isa = PBXGroup;
			children = (
				D07FBC3A1E877F6A00F0DED2 /* AppDelegate.swift */,
				D07FBC3C1E877F6A00F0DED2 /* SearchViewController.swift */,
				D094F3E11E8A174A00616038 /* DetailViewController.swift */,
				D07381F51E87875A00F3B7EA /* SearchResult.swift */,
				D055D90B1E88A94400F541B2 /* SearchResultCell.swift */,
				D0909B8C1E89789E00386568 /* UIImageView+DownloadImage.swift */,
				D094F3E31E8A19FA00616038 /* DimmingPresentationController.swift */,
				D094F3E71E8A241800616038 /* BounceAnimationController.swift */,
				D094F3E91E8A254D00616038 /* SlideOutAnimationController.swift */,
				D094F3E51E8A236F00616038 /* GradientView.swift */,
				D0B90AE21E8B274100A8986D /* UIColor+MainColor.swift */,
				D07FBC3E1E877F6A00F0DED2 /* Main.storyboard */,
				D055D9091E88A63300F541B2 /* SearchResultCell.xib */,
				D055D90D1E88AAF100F541B2 /* NothingFoundCell.xib */,
				D0909B8A1E89701500386568 /* LoadingCell.xib */,
				D07FBC411E877F6A00F0DED2 /* Assets.xcassets */,
				D07FBC431E877F6A00F0DED2 /* LaunchScreen.storyboard */,
				D080C82E1E8B3C390039B557 /* ViewController.swift */,
				D07FBC461E877F6A00F0DED2 /* Info.plist */,
			);
			path = "Media Search";
			sourceTree = "<group>";
		};
/* End PBXGroup section */

/* Begin PBXNativeTarget section */
		D07FBC361E877F6A00F0DED2 /* Media Search */ = {
			isa = PBXNativeTarget;
			buildConfigurationList = D07FBC491E877F6A00F0DED2 /* Build configuration list for PBXNativeTarget "Media Search" */;
			buildPhases = (
				D07FBC331E877F6A00F0DED2 /* Sources */,
				D07FBC341E877F6A00F0DED2 /* Frameworks */,
				D07FBC351E877F6A00F0DED2 /* Resources */,
			);
			buildRules = (
			);
			dependencies = (
			);
			name = "Media Search";
			productName = "Media Search";
			productReference = D07FBC371E877F6A00F0DED2 /* Media Search.app */;
			productType = "com.apple.product-type.application";
		};
/* End PBXNativeTarget section */

/* Begin PBXProject section */
		D07FBC2F1E877F6A00F0DED2 /* Project object */ = {
			isa = PBXProject;
			attributes = {
				LastSwiftUpdateCheck = 0830;
				LastUpgradeCheck = 0830;
				ORGANIZATIONNAME = "Christopher Rene";
				TargetAttributes = {
					D07FBC361E877F6A00F0DED2 = {
						CreatedOnToolsVersion = 8.3;
						DevelopmentTeam = L282C3DF98;
						ProvisioningStyle = Automatic;
					};
				};
			};
			buildConfigurationList = D07FBC321E877F6A00F0DED2 /* Build configuration list for PBXProject "Media Search" */;
			compatibilityVersion = "Xcode 3.2";
			developmentRegion = English;
			hasScannedForEncodings = 0;
			knownRegions = (
				en,
				Base,
			);
			mainGroup = D07FBC2E1E877F6A00F0DED2;
			productRefGroup = D07FBC381E877F6A00F0DED2 /* Products */;
			projectDirPath = "";
			projectRoot = "";
			targets = (
				D07FBC361E877F6A00F0DED2 /* Media Search */,
			);
		};
/* End PBXProject section */

/* Begin PBXResourcesBuildPhase section */
		D07FBC351E877F6A00F0DED2 /* Resources */ = {
			isa = PBXResourcesBuildPhase;
			buildActionMask = 2147483647;
			files = (
				D07FBC451E877F6A00F0DED2 /* LaunchScreen.storyboard in Resources */,
				D07FBC421E877F6A00F0DED2 /* Assets.xcassets in Resources */,
				D0909B8B1E89701600386568 /* LoadingCell.xib in Resources */,
				D055D90A1E88A63300F541B2 /* SearchResultCell.xib in Resources */,
				D055D90E1E88AAF100F541B2 /* NothingFoundCell.xib in Resources */,
				D07FBC401E877F6A00F0DED2 /* Main.storyboard in Resources */,
			);
			runOnlyForDeploymentPostprocessing = 0;
		};
/* End PBXResourcesBuildPhase section */

/* Begin PBXSourcesBuildPhase section */
		D07FBC331E877F6A00F0DED2 /* Sources */ = {
			isa = PBXSourcesBuildPhase;
			buildActionMask = 2147483647;
			files = (
				D07FBC3D1E877F6A00F0DED2 /* SearchViewController.swift in Sources */,
				D094F3E41E8A19FA00616038 /* DimmingPresentationController.swift in Sources */,
				D0B90AE31E8B274100A8986D /* UIColor+MainColor.swift in Sources */,
				D07381F61E87875A00F3B7EA /* SearchResult.swift in Sources */,
				D055D90C1E88A94400F541B2 /* SearchResultCell.swift in Sources */,
				D094F3E81E8A241800616038 /* BounceAnimationController.swift in Sources */,
				D094F3E21E8A174A00616038 /* DetailViewController.swift in Sources */,
				D07FBC3B1E877F6A00F0DED2 /* AppDelegate.swift in Sources */,
				D094F3E61E8A236F00616038 /* GradientView.swift in Sources */,
				D0909B8D1E89789E00386568 /* UIImageView+DownloadImage.swift in Sources */,
				D080C82F1E8B3C390039B557 /* ViewController.swift in Sources */,
				D094F3EA1E8A254D00616038 /* SlideOutAnimationController.swift in Sources */,
			);
			runOnlyForDeploymentPostprocessing = 0;
		};
/* End PBXSourcesBuildPhase section */

/* Begin PBXVariantGroup section */
		D07FBC3E1E877F6A00F0DED2 /* Main.storyboard */ = {
			isa = PBXVariantGroup;
			children = (
				D07FBC3F1E877F6A00F0DED2 /* Base */,
			);
			name = Main.storyboard;
			sourceTree = "<group>";
		};
		D07FBC431E877F6A00F0DED2 /* LaunchScreen.storyboard */ = {
			isa = PBXVariantGroup;
			children = (
				D07FBC441E877F6A00F0DED2 /* Base */,
			);
			name = LaunchScreen.storyboard;
			sourceTree = "<group>";
		};
/* End PBXVariantGroup section */

/* Begin XCBuildConfiguration section */
		D07FBC471E877F6A00F0DED2 /* Debug */ = {
			isa = XCBuildConfiguration;
			buildSettings = {
				ALWAYS_SEARCH_USER_PATHS = NO;
				CLANG_ANALYZER_NONNULL = YES;
				CLANG_ANALYZER_NUMBER_OBJECT_CONVERSION = YES_AGGRESSIVE;
				CLANG_CXX_LANGUAGE_STANDARD = "gnu++0x";
				CLANG_CXX_LIBRARY = "libc++";
				CLANG_ENABLE_MODULES = YES;
				CLANG_ENABLE_OBJC_ARC = YES;
				CLANG_WARN_BOOL_CONVERSION = YES;
				CLANG_WARN_CONSTANT_CONVERSION = YES;
				CLANG_WARN_DIRECT_OBJC_ISA_USAGE = YES_ERROR;
				CLANG_WARN_DOCUMENTATION_COMMENTS = YES;
				CLANG_WARN_EMPTY_BODY = YES;
				CLANG_WARN_ENUM_CONVERSION = YES;
				CLANG_WARN_INFINITE_RECURSION = YES;
				CLANG_WARN_INT_CONVERSION = YES;
				CLANG_WARN_OBJC_ROOT_CLASS = YES_ERROR;
				CLANG_WARN_SUSPICIOUS_MOVE = YES;
				CLANG_WARN_UNREACHABLE_CODE = YES;
				CLANG_WARN__DUPLICATE_METHOD_MATCH = YES;
				"CODE_SIGN_IDENTITY[sdk=iphoneos*]" = "iPhone Developer";
				COPY_PHASE_STRIP = NO;
				DEBUG_INFORMATION_FORMAT = dwarf;
				ENABLE_STRICT_OBJC_MSGSEND = YES;
				ENABLE_TESTABILITY = YES;
				GCC_C_LANGUAGE_STANDARD = gnu99;
				GCC_DYNAMIC_NO_PIC = NO;
				GCC_NO_COMMON_BLOCKS = YES;
				GCC_OPTIMIZATION_LEVEL = 0;
				GCC_PREPROCESSOR_DEFINITIONS = (
					"DEBUG=1",
					"$(inherited)",
				);
				GCC_WARN_64_TO_32_BIT_CONVERSION = YES;
				GCC_WARN_ABOUT_RETURN_TYPE = YES_ERROR;
				GCC_WARN_UNDECLARED_SELECTOR = YES;
				GCC_WARN_UNINITIALIZED_AUTOS = YES_AGGRESSIVE;
				GCC_WARN_UNUSED_FUNCTION = YES;
				GCC_WARN_UNUSED_VARIABLE = YES;
				IPHONEOS_DEPLOYMENT_TARGET = 10.3;
				MTL_ENABLE_DEBUG_INFO = YES;
				ONLY_ACTIVE_ARCH = YES;
				SDKROOT = iphoneos;
				SWIFT_ACTIVE_COMPILATION_CONDITIONS = DEBUG;
				SWIFT_OPTIMIZATION_LEVEL = "-Onone";
			};
			name = Debug;
		};
		D07FBC481E877F6A00F0DED2 /* Release */ = {
			isa = XCBuildConfiguration;
			buildSettings = {
				ALWAYS_SEARCH_USER_PATHS = NO;
				CLANG_ANALYZER_NONNULL = YES;
				CLANG_ANALYZER_NUMBER_OBJECT_CONVERSION = YES_AGGRESSIVE;
				CLANG_CXX_LANGUAGE_STANDARD = "gnu++0x";
				CLANG_CXX_LIBRARY = "libc++";
				CLANG_ENABLE_MODULES = YES;
				CLANG_ENABLE_OBJC_ARC = YES;
				CLANG_WARN_BOOL_CONVERSION = YES;
				CLANG_WARN_CONSTANT_CONVERSION = YES;
				CLANG_WARN_DIRECT_OBJC_ISA_USAGE = YES_ERROR;
				CLANG_WARN_DOCUMENTATION_COMMENTS = YES;
				CLANG_WARN_EMPTY_BODY = YES;
				CLANG_WARN_ENUM_CONVERSION = YES;
				CLANG_WARN_INFINITE_RECURSION = YES;
				CLANG_WARN_INT_CONVERSION = YES;
				CLANG_WARN_OBJC_ROOT_CLASS = YES_ERROR;
				CLANG_WARN_SUSPICIOUS_MOVE = YES;
				CLANG_WARN_UNREACHABLE_CODE = YES;
				CLANG_WARN__DUPLICATE_METHOD_MATCH = YES;
				"CODE_SIGN_IDENTITY[sdk=iphoneos*]" = "iPhone Developer";
				COPY_PHASE_STRIP = NO;
				DEBUG_INFORMATION_FORMAT = "dwarf-with-dsym";
				ENABLE_NS_ASSERTIONS = NO;
				ENABLE_STRICT_OBJC_MSGSEND = YES;
				GCC_C_LANGUAGE_STANDARD = gnu99;
				GCC_NO_COMMON_BLOCKS = YES;
				GCC_WARN_64_TO_32_BIT_CONVERSION = YES;
				GCC_WARN_ABOUT_RETURN_TYPE = YES_ERROR;
				GCC_WARN_UNDECLARED_SELECTOR = YES;
				GCC_WARN_UNINITIALIZED_AUTOS = YES_AGGRESSIVE;
				GCC_WARN_UNUSED_FUNCTION = YES;
				GCC_WARN_UNUSED_VARIABLE = YES;
				IPHONEOS_DEPLOYMENT_TARGET = 10.3;
				MTL_ENABLE_DEBUG_INFO = NO;
				SDKROOT = iphoneos;
				SWIFT_OPTIMIZATION_LEVEL = "-Owholemodule";
				VALIDATE_PRODUCT = YES;
			};
			name = Release;
		};
		D07FBC4A1E877F6A00F0DED2 /* Debug */ = {
			isa = XCBuildConfiguration;
			buildSettings = {
				ASSETCATALOG_COMPILER_APPICON_NAME = AppIcon;
				DEVELOPMENT_TEAM = L282C3DF98;
				INFOPLIST_FILE = "Media Search/Info.plist";
				LD_RUNPATH_SEARCH_PATHS = "$(inherited) @executable_path/Frameworks";
				PRODUCT_BUNDLE_IDENTIFIER = "com.objectivechris.Media-Search";
				PRODUCT_NAME = "$(TARGET_NAME)";
				SWIFT_VERSION = 3.0;
			};
			name = Debug;
		};
		D07FBC4B1E877F6A00F0DED2 /* Release */ = {
			isa = XCBuildConfiguration;
			buildSettings = {
				ASSETCATALOG_COMPILER_APPICON_NAME = AppIcon;
				DEVELOPMENT_TEAM = L282C3DF98;
				INFOPLIST_FILE = "Media Search/Info.plist";
				LD_RUNPATH_SEARCH_PATHS = "$(inherited) @executable_path/Frameworks";
				PRODUCT_BUNDLE_IDENTIFIER = "com.objectivechris.Media-Search";
				PRODUCT_NAME = "$(TARGET_NAME)";
				SWIFT_VERSION = 3.0;
			};
			name = Release;
		};
/* End XCBuildConfiguration section */

/* Begin XCConfigurationList section */
		D07FBC321E877F6A00F0DED2 /* Build configuration list for PBXProject "Media Search" */ = {
			isa = XCConfigurationList;
			buildConfigurations = (
				D07FBC471E877F6A00F0DED2 /* Debug */,
				D07FBC481E877F6A00F0DED2 /* Release */,
			);
			defaultConfigurationIsVisible = 0;
			defaultConfigurationName = Release;
		};
		D07FBC491E877F6A00F0DED2 /* Build configuration list for PBXNativeTarget "Media Search" */ = {
			isa = XCConfigurationList;
			buildConfigurations = (
				D07FBC4A1E877F6A00F0DED2 /* Debug */,
				D07FBC4B1E877F6A00F0DED2 /* Release */,
			);
			defaultConfigurationIsVisible = 0;
			defaultConfigurationName = Release;
		};
/* End XCConfigurationList section */
	};
	rootObject = D07FBC2F1E877F6A00F0DED2 /* Project object */;
}
